
Microsoft Visual Studio Solution File, Format Version 12.00
# Visual Studio Version 17
VisualStudioVersion = 17.8.34330.188
MinimumVisualStudioVersion = 10.0.40219.1
Project("{FAE04EC0-301F-11D3-BF4B-00C04F79EFBC}") = "SOFTWAREDDRIGEL", "SOFTWAREDDRIGEL\SOFTWAREDDRIGEL.csproj", "{FE3760BD-C425-4E5D-9F34-4EE11BF3CC63}"
EndProject
Global
	GlobalSection(SolutionConfigurationPlatforms) = preSolution
		Debug|Any CPU = Debug|Any CPU
		Release|Any CPU = Release|Any CPU
	EndGlobalSection
	GlobalSection(ProjectConfigurationPlatforms) = postSolution
		{FE3760BD-C425-4E5D-9F34-4EE11BF3CC63}.Debug|Any CPU.ActiveCfg = Debug|Any CPU
		{FE3760BD-C425-4E5D-9F34-4EE11BF3CC63}.Debug|Any CPU.Build.0 = Debug|Any CPU
		{FE3760BD-C425-4E5D-9F34-4EE11BF3CC63}.Release|Any CPU.ActiveCfg = Release|Any CPU
		{FE3760BD-C425-4E5D-9F34-4EE11BF3CC63}.Release|Any CPU.Build.0 = Release|Any CPU
	EndGlobalSection
	GlobalSection(SolutionProperties) = preSolution
		HideSolutionNode = FALSE
	EndGlobalSection
	GlobalSection(ExtensibilityGlobals) = postSolution
		SolutionGuid = {3462A495-DCDA-450C-B58F-5CD0E9EA974E}
	EndGlobalSection
EndGlobal
